
Microsoft Visual Studio Solution File, Format Version 12.00
# Visual Studio Version 16
VisualStudioVersion = 16.0.31205.134
MinimumVisualStudioVersion = 10.0.40219.1
Project("{FAE04EC0-301F-11D3-BF4B-00C04F79EFBC}") = "ITMO.DevFound2022.FristCSApp", "ITMO.DevFound2022.FristCSApp\ITMO.DevFound2022.FristCSApp.csproj", "{B62A8808-10D7-4192-9A3E-DBEF514C57D9}"
EndProject
Global
	GlobalSection(SolutionConfigurationPlatforms) = preSolution
		Debug|Any CPU = Debug|Any CPU
		Release|Any CPU = Release|Any CPU
	EndGlobalSection
	GlobalSection(ProjectConfigurationPlatforms) = postSolution
		{B62A8808-10D7-4192-9A3E-DBEF514C57D9}.Debug|Any CPU.ActiveCfg = Debug|Any CPU
		{B62A8808-10D7-4192-9A3E-DBEF514C57D9}.Debug|Any CPU.Build.0 = Debug|Any CPU
		{B62A8808-10D7-4192-9A3E-DBEF514C57D9}.Release|Any CPU.ActiveCfg = Release|Any CPU
		{B62A8808-10D7-4192-9A3E-DBEF514C57D9}.Release|Any CPU.Build.0 = Release|Any CPU
	EndGlobalSection
	GlobalSection(SolutionProperties) = preSolution
		HideSolutionNode = FALSE
	EndGlobalSection
	GlobalSection(ExtensibilityGlobals) = postSolution
		SolutionGuid = {326C71BD-0126-49E5-9C93-9127E292EE6B}
	EndGlobalSection
EndGlobal
